
Microsoft Visual Studio Solution File, Format Version 12.00
# Visual Studio Version 16
VisualStudioVersion = 16.0.31205.134
MinimumVisualStudioVersion = 10.0.40219.1
Project("{FAE04EC0-301F-11D3-BF4B-00C04F79EFBC}") = "OnlineEducation", "OnlineEducation\OnlineEducation.csproj", "{AD7C70A3-535F-4674-A17B-DAA0C02E145C}"
EndProject
Project("{FAE04EC0-301F-11D3-BF4B-00C04F79EFBC}") = "OnlineEduDB", "OnlineEduDB\OnlineEduDB.csproj", "{0671FE17-BDFB-4C81-A497-11E0B2C214B5}"
EndProject
Global
	GlobalSection(SolutionConfigurationPlatforms) = preSolution
		Debug|Any CPU = Debug|Any CPU
		Release|Any CPU = Release|Any CPU
	EndGlobalSection
	GlobalSection(ProjectConfigurationPlatforms) = postSolution
		{AD7C70A3-535F-4674-A17B-DAA0C02E145C}.Debug|Any CPU.ActiveCfg = Debug|Any CPU
		{AD7C70A3-535F-4674-A17B-DAA0C02E145C}.Debug|Any CPU.Build.0 = Debug|Any CPU
		{AD7C70A3-535F-4674-A17B-DAA0C02E145C}.Release|Any CPU.ActiveCfg = Release|Any CPU
		{AD7C70A3-535F-4674-A17B-DAA0C02E145C}.Release|Any CPU.Build.0 = Release|Any CPU
		{0671FE17-BDFB-4C81-A497-11E0B2C214B5}.Debug|Any CPU.ActiveCfg = Debug|Any CPU
		{0671FE17-BDFB-4C81-A497-11E0B2C214B5}.Debug|Any CPU.Build.0 = Debug|Any CPU
		{0671FE17-BDFB-4C81-A497-11E0B2C214B5}.Release|Any CPU.ActiveCfg = Release|Any CPU
		{0671FE17-BDFB-4C81-A497-11E0B2C214B5}.Release|Any CPU.Build.0 = Release|Any CPU
	EndGlobalSection
	GlobalSection(SolutionProperties) = preSolution
		HideSolutionNode = FALSE
	EndGlobalSection
	GlobalSection(ExtensibilityGlobals) = postSolution
		SolutionGuid = {456D0661-5D09-419F-80EA-24E59FD05021}
	EndGlobalSection
EndGlobal
